
Microsoft Visual Studio Solution File, Format Version 12.00
# Visual Studio Version 17
VisualStudioVersion = 17.0.31919.166
MinimumVisualStudioVersion = 10.0.40219.1
Project("{9A19103F-16F7-4668-BE54-9A1E7A4F7556}") = "Lamda", "Lamda.csproj", "{2BCB4120-AD89-4E16-97E8-787262E38A46}"
EndProject
Project("{FAE04EC0-301F-11D3-BF4B-00C04F79EFBC}") = "Mosh Example", "..\Mosh Example\Mosh Example.csproj", "{889B49D5-0393-48F9-8655-962F20A2807D}"
EndProject
Global
	GlobalSection(SolutionConfigurationPlatforms) = preSolution
		Debug|Any CPU = Debug|Any CPU
		Release|Any CPU = Release|Any CPU
	EndGlobalSection
	GlobalSection(ProjectConfigurationPlatforms) = postSolution
		{2BCB4120-AD89-4E16-97E8-787262E38A46}.Debug|Any CPU.ActiveCfg = Debug|Any CPU
		{2BCB4120-AD89-4E16-97E8-787262E38A46}.Debug|Any CPU.Build.0 = Debug|Any CPU
		{2BCB4120-AD89-4E16-97E8-787262E38A46}.Release|Any CPU.ActiveCfg = Release|Any CPU
		{2BCB4120-AD89-4E16-97E8-787262E38A46}.Release|Any CPU.Build.0 = Release|Any CPU
		{889B49D5-0393-48F9-8655-962F20A2807D}.Debug|Any CPU.ActiveCfg = Debug|Any CPU
		{889B49D5-0393-48F9-8655-962F20A2807D}.Debug|Any CPU.Build.0 = Debug|Any CPU
		{889B49D5-0393-48F9-8655-962F20A2807D}.Release|Any CPU.ActiveCfg = Release|Any CPU
		{889B49D5-0393-48F9-8655-962F20A2807D}.Release|Any CPU.Build.0 = Release|Any CPU
	EndGlobalSection
	GlobalSection(SolutionProperties) = preSolution
		HideSolutionNode = FALSE
	EndGlobalSection
	GlobalSection(ExtensibilityGlobals) = postSolution
		SolutionGuid = {527D1DBF-A2C0-43A1-918A-A83180FF13D1}
	EndGlobalSection
EndGlobal
