
Microsoft Visual Studio Solution File, Format Version 12.00
# Visual Studio Version 17
VisualStudioVersion = 17.0.31919.166
MinimumVisualStudioVersion = 10.0.40219.1
Project("{9A19103F-16F7-4668-BE54-9A1E7A4F7556}") = "Event", "Event.csproj", "{7EFD06A9-81EF-4E88-B503-63F743573C1E}"
EndProject
Global
	GlobalSection(SolutionConfigurationPlatforms) = preSolution
		Debug|Any CPU = Debug|Any CPU
		Release|Any CPU = Release|Any CPU
	EndGlobalSection
	GlobalSection(ProjectConfigurationPlatforms) = postSolution
		{7EFD06A9-81EF-4E88-B503-63F743573C1E}.Debug|Any CPU.ActiveCfg = Debug|Any CPU
		{7EFD06A9-81EF-4E88-B503-63F743573C1E}.Debug|Any CPU.Build.0 = Debug|Any CPU
		{7EFD06A9-81EF-4E88-B503-63F743573C1E}.Release|Any CPU.ActiveCfg = Release|Any CPU
		{7EFD06A9-81EF-4E88-B503-63F743573C1E}.Release|Any CPU.Build.0 = Release|Any CPU
	EndGlobalSection
	GlobalSection(SolutionProperties) = preSolution
		HideSolutionNode = FALSE
	EndGlobalSection
	GlobalSection(ExtensibilityGlobals) = postSolution
		SolutionGuid = {701370BC-9ADE-4CD8-A0E9-08F086210A07}
	EndGlobalSection
EndGlobal
