
Microsoft Visual Studio Solution File, Format Version 12.00
# Visual Studio Version 17
VisualStudioVersion = 17.0.31919.166
MinimumVisualStudioVersion = 10.0.40219.1
Project("{FAE04EC0-301F-11D3-BF4B-00C04F79EFBC}") = "Mosh", "Mosh.csproj", "{32565532-2ED0-4A34-9EFC-8D74AED007B4}"
EndProject
Global
	GlobalSection(SolutionConfigurationPlatforms) = preSolution
		Debug|Any CPU = Debug|Any CPU
		Release|Any CPU = Release|Any CPU
	EndGlobalSection
	GlobalSection(ProjectConfigurationPlatforms) = postSolution
		{32565532-2ED0-4A34-9EFC-8D74AED007B4}.Debug|Any CPU.ActiveCfg = Debug|Any CPU
		{32565532-2ED0-4A34-9EFC-8D74AED007B4}.Debug|Any CPU.Build.0 = Debug|Any CPU
		{32565532-2ED0-4A34-9EFC-8D74AED007B4}.Release|Any CPU.ActiveCfg = Release|Any CPU
		{32565532-2ED0-4A34-9EFC-8D74AED007B4}.Release|Any CPU.Build.0 = Release|Any CPU
	EndGlobalSection
	GlobalSection(SolutionProperties) = preSolution
		HideSolutionNode = FALSE
	EndGlobalSection
	GlobalSection(ExtensibilityGlobals) = postSolution
		SolutionGuid = {4A91357C-7C2B-480B-B3B0-14AEE27A7889}
	EndGlobalSection
EndGlobal
